
Microsoft Visual Studio Solution File, Format Version 12.00
# Blend for Visual Studio Version 16
VisualStudioVersion = 16.0.30907.101
MinimumVisualStudioVersion = 10.0.40219.1
Project("{FAE04EC0-301F-11D3-BF4B-00C04F79EFBC}") = "Timer", "Timer\Timer.csproj", "{0547715A-BC9E-40B8-A11B-9BB00CA963C6}"
EndProject
Global
	GlobalSection(SolutionConfigurationPlatforms) = preSolution
		Debug|Any CPU = Debug|Any CPU
		Release|Any CPU = Release|Any CPU
	EndGlobalSection
	GlobalSection(ProjectConfigurationPlatforms) = postSolution
		{0547715A-BC9E-40B8-A11B-9BB00CA963C6}.Debug|Any CPU.ActiveCfg = Debug|Any CPU
		{0547715A-BC9E-40B8-A11B-9BB00CA963C6}.Debug|Any CPU.Build.0 = Debug|Any CPU
		{0547715A-BC9E-40B8-A11B-9BB00CA963C6}.Release|Any CPU.ActiveCfg = Release|Any CPU
		{0547715A-BC9E-40B8-A11B-9BB00CA963C6}.Release|Any CPU.Build.0 = Release|Any CPU
	EndGlobalSection
	GlobalSection(SolutionProperties) = preSolution
		HideSolutionNode = FALSE
	EndGlobalSection
	GlobalSection(ExtensibilityGlobals) = postSolution
		SolutionGuid = {8ED37D4E-66CD-4A6C-AE56-44EDBF2AC69D}
	EndGlobalSection
EndGlobal
